
Microsoft Visual Studio Solution File, Format Version 12.00
# Visual Studio Version 16
VisualStudioVersion = 16.0.30907.101
MinimumVisualStudioVersion = 10.0.40219.1
Project("{FAE04EC0-301F-11D3-BF4B-00C04F79EFBC}") = "AdminSide", "AdminSide\AdminSide.csproj", "{4A6723E6-73FC-433A-8DA7-8D9AECA09BAB}"
EndProject
Global
	GlobalSection(SolutionConfigurationPlatforms) = preSolution
		Debug|Any CPU = Debug|Any CPU
		Release|Any CPU = Release|Any CPU
	EndGlobalSection
	GlobalSection(ProjectConfigurationPlatforms) = postSolution
		{4A6723E6-73FC-433A-8DA7-8D9AECA09BAB}.Debug|Any CPU.ActiveCfg = Debug|Any CPU
		{4A6723E6-73FC-433A-8DA7-8D9AECA09BAB}.Debug|Any CPU.Build.0 = Debug|Any CPU
		{4A6723E6-73FC-433A-8DA7-8D9AECA09BAB}.Release|Any CPU.ActiveCfg = Release|Any CPU
		{4A6723E6-73FC-433A-8DA7-8D9AECA09BAB}.Release|Any CPU.Build.0 = Release|Any CPU
	EndGlobalSection
	GlobalSection(SolutionProperties) = preSolution
		HideSolutionNode = FALSE
	EndGlobalSection
	GlobalSection(ExtensibilityGlobals) = postSolution
		SolutionGuid = {208B4B8D-7E58-4E75-BF76-4C7ED9E9AAC4}
	EndGlobalSection
EndGlobal
